{
  "name": "mp",
  "version": "1.0.0",
  "lockfileVersion": 1,
  "requires": true,
  "dependencies": {
    "wxmp-qrcode": {
      "version": "0.0.4",
      "resolved": "https://registry.npmjs.org/wxmp-qrcode/-/wxmp-qrcode-0.0.4.tgz",
      "integrity": "sha512-mYXLYET+cQv78RNbRQARK737T+AhyfTM9Qtb7bek7P50COfFLTUiLoHgv//Zmr07zBleqFnRkw1GdU3vxVxRsQ=="
    }
  }
}
